// !$*UTF8*$!
{
	archiveVersion = 1;
	classes = {
	};
	objectVersion = 50;
	objects = {

/* Begin PBXBuildFile section */
		0A3367A828DD9B2200AF4C34 /* MRZRecognizer.framework in Frameworks */ = {isa = PBXBuildFile; fileRef = 0AA035D828DC388200D61698 /* MRZRecognizer.framework */; };
		0A3367A928DD9B2200AF4C34 /* MRZRecognizer.framework in Embed Frameworks */ = {isa = PBXBuildFile; fileRef = 0AA035D828DC388200D61698 /* MRZRecognizer.framework */; settings = {ATTRIBUTES = (CodeSignOnCopy, RemoveHeadersOnCopy, ); }; };
		0AEA02D528D05C930076A1BA /* AppDelegate.m in Sources */ = {isa = PBXBuildFile; fileRef = 0AEA02D428D05C930076A1BA /* AppDelegate.m */; };
		0AEA02DB28D05C930076A1BA /* ViewController.m in Sources */ = {isa = PBXBuildFile; fileRef = 0AEA02DA28D05C930076A1BA /* ViewController.m */; };
		0AEA02DE28D05C930076A1BA /* Main.storyboard in Resources */ = {isa = PBXBuildFile; fileRef = 0AEA02DC28D05C930076A1BA /* Main.storyboard */; };
		0AEA02E028D05C950076A1BA /* Assets.xcassets in Resources */ = {isa = PBXBuildFile; fileRef = 0AEA02DF28D05C950076A1BA /* Assets.xcassets */; };
		0AEA02E328D05C950076A1BA /* LaunchScreen.storyboard in Resources */ = {isa = PBXBuildFile; fileRef = 0AEA02E128D05C950076A1BA /* LaunchScreen.storyboard */; };
		0AEA02E628D05C950076A1BA /* main.m in Sources */ = {isa = PBXBuildFile; fileRef = 0AEA02E528D05C950076A1BA /* main.m */; };
		0AEA02F128D05E050076A1BA /* BaseViewController.m in Sources */ = {isa = PBXBuildFile; fileRef = 0AEA02ED28D05E050076A1BA /* BaseViewController.m */; };
		0AEA02F228D05E050076A1BA /* BaseNavigationController.m in Sources */ = {isa = PBXBuildFile; fileRef = 0AEA02EE28D05E050076A1BA /* BaseNavigationController.m */; };
		0AEA02F728D061F50076A1BA /* MRZResultViewController.m in Sources */ = {isa = PBXBuildFile; fileRef = 0AEA02F628D061F50076A1BA /* MRZResultViewController.m */; };
		0AEA02FB28D063690076A1BA /* UIView+FrameAdditions.m in Sources */ = {isa = PBXBuildFile; fileRef = 0AEA02F928D063690076A1BA /* UIView+FrameAdditions.m */; };
		0AEA02FE28D064120076A1BA /* UIDevice+Orientation.m in Sources */ = {isa = PBXBuildFile; fileRef = 0AEA02FD28D064120076A1BA /* UIDevice+Orientation.m */; };
		0AEA031028D161500076A1BA /* MRZResultTableViewCell.m in Sources */ = {isa = PBXBuildFile; fileRef = 0AEA030F28D161500076A1BA /* MRZResultTableViewCell.m */; };
		0AEA031428D16CCE0076A1BA /* DynamsoftToolsManager.m in Sources */ = {isa = PBXBuildFile; fileRef = 0AEA031228D16CCE0076A1BA /* DynamsoftToolsManager.m */; };
/* End PBXBuildFile section */

/* Begin PBXContainerItemProxy section */
		0A1F4BC628DC2AAB00D0FBCE /* PBXContainerItemProxy */ = {
			isa = PBXContainerItemProxy;
			containerPortal = 0A1F4BC128DC2AAB00D0FBCE /* MRZRecognizer.xcodeproj */;
			proxyType = 2;
			remoteGlobalIDString = 0AB5460728DAB90F008CBE2D;
			remoteInfo = MRZRecognizer;
		};
		0A1F4BCB28DC2B2200D0FBCE /* PBXContainerItemProxy */ = {
			isa = PBXContainerItemProxy;
			containerPortal = 0A1F4BC128DC2AAB00D0FBCE /* MRZRecognizer.xcodeproj */;
			proxyType = 1;
			remoteGlobalIDString = 0ABDE59B28DC34DC00F67C11;
			remoteInfo = Aggregate;
		};
/* End PBXContainerItemProxy section */

/* Begin PBXCopyFilesBuildPhase section */
		0AEA030C28D074B20076A1BA /* Embed Frameworks */ = {
			isa = PBXCopyFilesBuildPhase;
			buildActionMask = 2147483647;
			dstPath = "";
			dstSubfolderSpec = 10;
			files = (
				0A3367A928DD9B2200AF4C34 /* MRZRecognizer.framework in Embed Frameworks */,
			);
			name = "Embed Frameworks";
			runOnlyForDeploymentPostprocessing = 0;
		};
/* End PBXCopyFilesBuildPhase section */

/* Begin PBXFileReference section */
		0A1F4BC128DC2AAB00D0FBCE /* MRZRecognizer.xcodeproj */ = {isa = PBXFileReference; lastKnownFileType = "wrapper.pb-project"; name = MRZRecognizer.xcodeproj; path = MRZRecognizer/MRZRecognizer.xcodeproj; sourceTree = "<group>"; };
		0AA035D828DC388200D61698 /* MRZRecognizer.framework */ = {isa = PBXFileReference; lastKnownFileType = wrapper.framework; name = MRZRecognizer.framework; path = MRZRecognizer/Products/MRZRecognizer.framework; sourceTree = "<group>"; };
		0AEA02D028D05C930076A1BA /* MRZScannerObjC.app */ = {isa = PBXFileReference; explicitFileType = wrapper.application; includeInIndex = 0; path = MRZScannerObjC.app; sourceTree = BUILT_PRODUCTS_DIR; };
		0AEA02D328D05C930076A1BA /* AppDelegate.h */ = {isa = PBXFileReference; lastKnownFileType = sourcecode.c.h; path = AppDelegate.h; sourceTree = "<group>"; };
		0AEA02D428D05C930076A1BA /* AppDelegate.m */ = {isa = PBXFileReference; lastKnownFileType = sourcecode.c.objc; path = AppDelegate.m; sourceTree = "<group>"; };
		0AEA02D928D05C930076A1BA /* ViewController.h */ = {isa = PBXFileReference; lastKnownFileType = sourcecode.c.h; path = ViewController.h; sourceTree = "<group>"; };
		0AEA02DA28D05C930076A1BA /* ViewController.m */ = {isa = PBXFileReference; lastKnownFileType = sourcecode.c.objc; path = ViewController.m; sourceTree = "<group>"; };
		0AEA02DD28D05C930076A1BA /* Base */ = {isa = PBXFileReference; lastKnownFileType = file.storyboard; name = Base; path = Base.lproj/Main.storyboard; sourceTree = "<group>"; };
		0AEA02DF28D05C950076A1BA /* Assets.xcassets */ = {isa = PBXFileReference; lastKnownFileType = folder.assetcatalog; path = Assets.xcassets; sourceTree = "<group>"; };
		0AEA02E228D05C950076A1BA /* Base */ = {isa = PBXFileReference; lastKnownFileType = file.storyboard; name = Base; path = Base.lproj/LaunchScreen.storyboard; sourceTree = "<group>"; };
		0AEA02E428D05C950076A1BA /* Info.plist */ = {isa = PBXFileReference; lastKnownFileType = text.plist.xml; path = Info.plist; sourceTree = "<group>"; };
		0AEA02E528D05C950076A1BA /* main.m */ = {isa = PBXFileReference; lastKnownFileType = sourcecode.c.objc; path = main.m; sourceTree = "<group>"; };
		0AEA02ED28D05E050076A1BA /* BaseViewController.m */ = {isa = PBXFileReference; fileEncoding = 4; lastKnownFileType = sourcecode.c.objc; path = BaseViewController.m; sourceTree = "<group>"; };
		0AEA02EE28D05E050076A1BA /* BaseNavigationController.m */ = {isa = PBXFileReference; fileEncoding = 4; lastKnownFileType = sourcecode.c.objc; path = BaseNavigationController.m; sourceTree = "<group>"; };
		0AEA02EF28D05E050076A1BA /* BaseNavigationController.h */ = {isa = PBXFileReference; fileEncoding = 4; lastKnownFileType = sourcecode.c.h; path = BaseNavigationController.h; sourceTree = "<group>"; };
		0AEA02F028D05E050076A1BA /* BaseViewController.h */ = {isa = PBXFileReference; fileEncoding = 4; lastKnownFileType = sourcecode.c.h; path = BaseViewController.h; sourceTree = "<group>"; };
		0AEA02F428D05E720076A1BA /* Dynamsoft.pch */ = {isa = PBXFileReference; lastKnownFileType = sourcecode.c.h; path = Dynamsoft.pch; sourceTree = "<group>"; };
		0AEA02F528D061F50076A1BA /* MRZResultViewController.h */ = {isa = PBXFileReference; lastKnownFileType = sourcecode.c.h; path = MRZResultViewController.h; sourceTree = "<group>"; };
		0AEA02F628D061F50076A1BA /* MRZResultViewController.m */ = {isa = PBXFileReference; lastKnownFileType = sourcecode.c.objc; path = MRZResultViewController.m; sourceTree = "<group>"; };
		0AEA02F928D063690076A1BA /* UIView+FrameAdditions.m */ = {isa = PBXFileReference; fileEncoding = 4; lastKnownFileType = sourcecode.c.objc; path = "UIView+FrameAdditions.m"; sourceTree = "<group>"; };
		0AEA02FA28D063690076A1BA /* UIView+FrameAdditions.h */ = {isa = PBXFileReference; fileEncoding = 4; lastKnownFileType = sourcecode.c.h; path = "UIView+FrameAdditions.h"; sourceTree = "<group>"; };
		0AEA02FC28D064120076A1BA /* UIDevice+Orientation.h */ = {isa = PBXFileReference; lastKnownFileType = sourcecode.c.h; path = "UIDevice+Orientation.h"; sourceTree = "<group>"; };
		0AEA02FD28D064120076A1BA /* UIDevice+Orientation.m */ = {isa = PBXFileReference; lastKnownFileType = sourcecode.c.objc; path = "UIDevice+Orientation.m"; sourceTree = "<group>"; };
		0AEA030E28D161500076A1BA /* MRZResultTableViewCell.h */ = {isa = PBXFileReference; lastKnownFileType = sourcecode.c.h; path = MRZResultTableViewCell.h; sourceTree = "<group>"; };
		0AEA030F28D161500076A1BA /* MRZResultTableViewCell.m */ = {isa = PBXFileReference; lastKnownFileType = sourcecode.c.objc; path = MRZResultTableViewCell.m; sourceTree = "<group>"; };
		0AEA031228D16CCE0076A1BA /* DynamsoftToolsManager.m */ = {isa = PBXFileReference; fileEncoding = 4; lastKnownFileType = sourcecode.c.objc; path = DynamsoftToolsManager.m; sourceTree = "<group>"; };
		0AEA031328D16CCE0076A1BA /* DynamsoftToolsManager.h */ = {isa = PBXFileReference; fileEncoding = 4; lastKnownFileType = sourcecode.c.h; path = DynamsoftToolsManager.h; sourceTree = "<group>"; };
/* End PBXFileReference section */

/* Begin PBXFrameworksBuildPhase section */
		0AEA02CD28D05C930076A1BA /* Frameworks */ = {
			isa = PBXFrameworksBuildPhase;
			buildActionMask = 2147483647;
			files = (
				0A3367A828DD9B2200AF4C34 /* MRZRecognizer.framework in Frameworks */,
			);
			runOnlyForDeploymentPostprocessing = 0;
		};
/* End PBXFrameworksBuildPhase section */

/* Begin PBXGroup section */
		0A1F4BC228DC2AAB00D0FBCE /* Products */ = {
			isa = PBXGroup;
			children = (
				0A1F4BC728DC2AAB00D0FBCE /* MRZRecognizer.framework */,
			);
			name = Products;
			sourceTree = "<group>";
		};
		0AEA02C728D05C930076A1BA = {
			isa = PBXGroup;
			children = (
				0A1F4BC128DC2AAB00D0FBCE /* MRZRecognizer.xcodeproj */,
				0AEA02D228D05C930076A1BA /* MRZScannerObjC */,
				0AEA02D128D05C930076A1BA /* Products */,
				0AEA02FF28D074B10076A1BA /* Frameworks */,
			);
			sourceTree = "<group>";
		};
		0AEA02D128D05C930076A1BA /* Products */ = {
			isa = PBXGroup;
			children = (
				0AEA02D028D05C930076A1BA /* MRZScannerObjC.app */,
			);
			name = Products;
			sourceTree = "<group>";
		};
		0AEA02D228D05C930076A1BA /* MRZScannerObjC */ = {
			isa = PBXGroup;
			children = (
				0AEA031128D16CCE0076A1BA /* Manager */,
				0AEA030D28D161370076A1BA /* Results */,
				0AEA02EC28D05E050076A1BA /* BaseController */,
				0AEA02F828D063690076A1BA /* Category */,
				0AEA02F328D05E470076A1BA /* PCH */,
				0AEA02D328D05C930076A1BA /* AppDelegate.h */,
				0AEA02D428D05C930076A1BA /* AppDelegate.m */,
				0AEA02D928D05C930076A1BA /* ViewController.h */,
				0AEA02DA28D05C930076A1BA /* ViewController.m */,
				0AEA02F528D061F50076A1BA /* MRZResultViewController.h */,
				0AEA02F628D061F50076A1BA /* MRZResultViewController.m */,
				0AEA02DC28D05C930076A1BA /* Main.storyboard */,
				0AEA02DF28D05C950076A1BA /* Assets.xcassets */,
				0AEA02E128D05C950076A1BA /* LaunchScreen.storyboard */,
				0AEA02E428D05C950076A1BA /* Info.plist */,
				0AEA02E528D05C950076A1BA /* main.m */,
			);
			path = MRZScannerObjC;
			sourceTree = "<group>";
		};
		0AEA02EC28D05E050076A1BA /* BaseController */ = {
			isa = PBXGroup;
			children = (
				0AEA02F028D05E050076A1BA /* BaseViewController.h */,
				0AEA02ED28D05E050076A1BA /* BaseViewController.m */,
				0AEA02EF28D05E050076A1BA /* BaseNavigationController.h */,
				0AEA02EE28D05E050076A1BA /* BaseNavigationController.m */,
			);
			path = BaseController;
			sourceTree = "<group>";
		};
		0AEA02F328D05E470076A1BA /* PCH */ = {
			isa = PBXGroup;
			children = (
				0AEA02F428D05E720076A1BA /* Dynamsoft.pch */,
			);
			path = PCH;
			sourceTree = "<group>";
		};
		0AEA02F828D063690076A1BA /* Category */ = {
			isa = PBXGroup;
			children = (
				0AEA02FA28D063690076A1BA /* UIView+FrameAdditions.h */,
				0AEA02F928D063690076A1BA /* UIView+FrameAdditions.m */,
				0AEA02FC28D064120076A1BA /* UIDevice+Orientation.h */,
				0AEA02FD28D064120076A1BA /* UIDevice+Orientation.m */,
			);
			path = Category;
			sourceTree = "<group>";
		};
		0AEA02FF28D074B10076A1BA /* Frameworks */ = {
			isa = PBXGroup;
			children = (
				0AA035D828DC388200D61698 /* MRZRecognizer.framework */,
			);
			name = Frameworks;
			sourceTree = "<group>";
		};
		0AEA030D28D161370076A1BA /* Results */ = {
			isa = PBXGroup;
			children = (
				0AEA030E28D161500076A1BA /* MRZResultTableViewCell.h */,
				0AEA030F28D161500076A1BA /* MRZResultTableViewCell.m */,
			);
			path = Results;
			sourceTree = "<group>";
		};
		0AEA031128D16CCE0076A1BA /* Manager */ = {
			isa = PBXGroup;
			children = (
				0AEA031328D16CCE0076A1BA /* DynamsoftToolsManager.h */,
				0AEA031228D16CCE0076A1BA /* DynamsoftToolsManager.m */,
			);
			path = Manager;
			sourceTree = "<group>";
		};
/* End PBXGroup section */

/* Begin PBXNativeTarget section */
		0AEA02CF28D05C930076A1BA /* MRZScannerObjC */ = {
			isa = PBXNativeTarget;
			buildConfigurationList = 0AEA02E928D05C950076A1BA /* Build configuration list for PBXNativeTarget "MRZScannerObjC" */;
			buildPhases = (
				0AEA02CC28D05C930076A1BA /* Sources */,
				0AEA02CD28D05C930076A1BA /* Frameworks */,
				0AEA02CE28D05C930076A1BA /* Resources */,
				0AEA030C28D074B20076A1BA /* Embed Frameworks */,
			);
			buildRules = (
			);
			dependencies = (
				0A1F4BCC28DC2B2200D0FBCE /* PBXTargetDependency */,
			);
			name = MRZScannerObjC;
			productName = MRZScannerObjC;
			productReference = 0AEA02D028D05C930076A1BA /* MRZScannerObjC.app */;
			productType = "com.apple.product-type.application";
		};
/* End PBXNativeTarget section */

/* Begin PBXProject section */
		0AEA02C828D05C930076A1BA /* Project object */ = {
			isa = PBXProject;
			attributes = {
				LastUpgradeCheck = 1340;
				TargetAttributes = {
					0AEA02CF28D05C930076A1BA = {
						CreatedOnToolsVersion = 13.4.1;
					};
				};
			};
			buildConfigurationList = 0AEA02CB28D05C930076A1BA /* Build configuration list for PBXProject "MRZScannerObjC" */;
			compatibilityVersion = "Xcode 13.0";
			developmentRegion = en;
			hasScannedForEncodings = 0;
			knownRegions = (
				en,
				Base,
			);
			mainGroup = 0AEA02C728D05C930076A1BA;
			productRefGroup = 0AEA02D128D05C930076A1BA /* Products */;
			projectDirPath = "";
			projectReferences = (
				{
					ProductGroup = 0A1F4BC228DC2AAB00D0FBCE /* Products */;
					ProjectRef = 0A1F4BC128DC2AAB00D0FBCE /* MRZRecognizer.xcodeproj */;
				},
			);
			projectRoot = "";
			targets = (
				0AEA02CF28D05C930076A1BA /* MRZScannerObjC */,
			);
		};
/* End PBXProject section */

/* Begin PBXReferenceProxy section */
		0A1F4BC728DC2AAB00D0FBCE /* MRZRecognizer.framework */ = {
			isa = PBXReferenceProxy;
			fileType = wrapper.framework;
			path = MRZRecognizer.framework;
			remoteRef = 0A1F4BC628DC2AAB00D0FBCE /* PBXContainerItemProxy */;
			sourceTree = BUILT_PRODUCTS_DIR;
		};
/* End PBXReferenceProxy section */

/* Begin PBXResourcesBuildPhase section */
		0AEA02CE28D05C930076A1BA /* Resources */ = {
			isa = PBXResourcesBuildPhase;
			buildActionMask = 2147483647;
			files = (
				0AEA02E328D05C950076A1BA /* LaunchScreen.storyboard in Resources */,
				0AEA02E028D05C950076A1BA /* Assets.xcassets in Resources */,
				0AEA02DE28D05C930076A1BA /* Main.storyboard in Resources */,
			);
			runOnlyForDeploymentPostprocessing = 0;
		};
/* End PBXResourcesBuildPhase section */

/* Begin PBXSourcesBuildPhase section */
		0AEA02CC28D05C930076A1BA /* Sources */ = {
			isa = PBXSourcesBuildPhase;
			buildActionMask = 2147483647;
			files = (
				0AEA02FB28D063690076A1BA /* UIView+FrameAdditions.m in Sources */,
				0AEA02DB28D05C930076A1BA /* ViewController.m in Sources */,
				0AEA02F128D05E050076A1BA /* BaseViewController.m in Sources */,
				0AEA02D528D05C930076A1BA /* AppDelegate.m in Sources */,
				0AEA02F728D061F50076A1BA /* MRZResultViewController.m in Sources */,
				0AEA031028D161500076A1BA /* MRZResultTableViewCell.m in Sources */,
				0AEA02E628D05C950076A1BA /* main.m in Sources */,
				0AEA031428D16CCE0076A1BA /* DynamsoftToolsManager.m in Sources */,
				0AEA02FE28D064120076A1BA /* UIDevice+Orientation.m in Sources */,
				0AEA02F228D05E050076A1BA /* BaseNavigationController.m in Sources */,
			);
			runOnlyForDeploymentPostprocessing = 0;
		};
/* End PBXSourcesBuildPhase section */

/* Begin PBXTargetDependency section */
		0A1F4BCC28DC2B2200D0FBCE /* PBXTargetDependency */ = {
			isa = PBXTargetDependency;
			name = Aggregate;
			targetProxy = 0A1F4BCB28DC2B2200D0FBCE /* PBXContainerItemProxy */;
		};
/* End PBXTargetDependency section */

/* Begin PBXVariantGroup section */
		0AEA02DC28D05C930076A1BA /* Main.storyboard */ = {
			isa = PBXVariantGroup;
			children = (
				0AEA02DD28D05C930076A1BA /* Base */,
			);
			name = Main.storyboard;
			sourceTree = "<group>";
		};
		0AEA02E128D05C950076A1BA /* LaunchScreen.storyboard */ = {
			isa = PBXVariantGroup;
			children = (
				0AEA02E228D05C950076A1BA /* Base */,
			);
			name = LaunchScreen.storyboard;
			sourceTree = "<group>";
		};
/* End PBXVariantGroup section */

/* Begin XCBuildConfiguration section */
		0AEA02E728D05C950076A1BA /* Debug */ = {
			isa = XCBuildConfiguration;
			buildSettings = {
				ALWAYS_SEARCH_USER_PATHS = NO;
				CLANG_ANALYZER_NONNULL = YES;
				CLANG_ANALYZER_NUMBER_OBJECT_CONVERSION = YES_AGGRESSIVE;
				CLANG_CXX_LANGUAGE_STANDARD = "gnu++17";
				CLANG_ENABLE_MODULES = YES;
				CLANG_ENABLE_OBJC_ARC = YES;
				CLANG_ENABLE_OBJC_WEAK = YES;
				CLANG_WARN_BLOCK_CAPTURE_AUTORELEASING = YES;
				CLANG_WARN_BOOL_CONVERSION = YES;
				CLANG_WARN_COMMA = YES;
				CLANG_WARN_CONSTANT_CONVERSION = YES;
				CLANG_WARN_DEPRECATED_OBJC_IMPLEMENTATIONS = YES;
				CLANG_WARN_DIRECT_OBJC_ISA_USAGE = YES_ERROR;
				CLANG_WARN_DOCUMENTATION_COMMENTS = YES;
				CLANG_WARN_EMPTY_BODY = YES;
				CLANG_WARN_ENUM_CONVERSION = YES;
				CLANG_WARN_INFINITE_RECURSION = YES;
				CLANG_WARN_INT_CONVERSION = YES;
				CLANG_WARN_NON_LITERAL_NULL_CONVERSION = YES;
				CLANG_WARN_OBJC_IMPLICIT_RETAIN_SELF = YES;
				CLANG_WARN_OBJC_LITERAL_CONVERSION = YES;
				CLANG_WARN_OBJC_ROOT_CLASS = YES_ERROR;
				CLANG_WARN_QUOTED_INCLUDE_IN_FRAMEWORK_HEADER = YES;
				CLANG_WARN_RANGE_LOOP_ANALYSIS = YES;
				CLANG_WARN_STRICT_PROTOTYPES = YES;
				CLANG_WARN_SUSPICIOUS_MOVE = YES;
				CLANG_WARN_UNGUARDED_AVAILABILITY = YES_AGGRESSIVE;
				CLANG_WARN_UNREACHABLE_CODE = YES;
				CLANG_WARN__DUPLICATE_METHOD_MATCH = YES;
				COPY_PHASE_STRIP = NO;
				DEBUG_INFORMATION_FORMAT = dwarf;
				ENABLE_STRICT_OBJC_MSGSEND = YES;
				ENABLE_TESTABILITY = YES;
				GCC_C_LANGUAGE_STANDARD = gnu11;
				GCC_DYNAMIC_NO_PIC = NO;
				GCC_NO_COMMON_BLOCKS = YES;
				GCC_OPTIMIZATION_LEVEL = 0;
				GCC_PREPROCESSOR_DEFINITIONS = (
					"DEBUG=1",
					"$(inherited)",
				);
				GCC_WARN_64_TO_32_BIT_CONVERSION = YES;
				GCC_WARN_ABOUT_RETURN_TYPE = YES_ERROR;
				GCC_WARN_UNDECLARED_SELECTOR = YES;
				GCC_WARN_UNINITIALIZED_AUTOS = YES_AGGRESSIVE;
				GCC_WARN_UNUSED_FUNCTION = YES;
				GCC_WARN_UNUSED_VARIABLE = YES;
				IPHONEOS_DEPLOYMENT_TARGET = 15.5;
				MTL_ENABLE_DEBUG_INFO = INCLUDE_SOURCE;
				MTL_FAST_MATH = YES;
				ONLY_ACTIVE_ARCH = YES;
				SDKROOT = iphoneos;
			};
			name = Debug;
		};
		0AEA02E828D05C950076A1BA /* Release */ = {
			isa = XCBuildConfiguration;
			buildSettings = {
				ALWAYS_SEARCH_USER_PATHS = NO;
				CLANG_ANALYZER_NONNULL = YES;
				CLANG_ANALYZER_NUMBER_OBJECT_CONVERSION = YES_AGGRESSIVE;
				CLANG_CXX_LANGUAGE_STANDARD = "gnu++17";
				CLANG_ENABLE_MODULES = YES;
				CLANG_ENABLE_OBJC_ARC = YES;
				CLANG_ENABLE_OBJC_WEAK = YES;
				CLANG_WARN_BLOCK_CAPTURE_AUTORELEASING = YES;
				CLANG_WARN_BOOL_CONVERSION = YES;
				CLANG_WARN_COMMA = YES;
				CLANG_WARN_CONSTANT_CONVERSION = YES;
				CLANG_WARN_DEPRECATED_OBJC_IMPLEMENTATIONS = YES;
				CLANG_WARN_DIRECT_OBJC_ISA_USAGE = YES_ERROR;
				CLANG_WARN_DOCUMENTATION_COMMENTS = YES;
				CLANG_WARN_EMPTY_BODY = YES;
				CLANG_WARN_ENUM_CONVERSION = YES;
				CLANG_WARN_INFINITE_RECURSION = YES;
				CLANG_WARN_INT_CONVERSION = YES;
				CLANG_WARN_NON_LITERAL_NULL_CONVERSION = YES;
				CLANG_WARN_OBJC_IMPLICIT_RETAIN_SELF = YES;
				CLANG_WARN_OBJC_LITERAL_CONVERSION = YES;
				CLANG_WARN_OBJC_ROOT_CLASS = YES_ERROR;
				CLANG_WARN_QUOTED_INCLUDE_IN_FRAMEWORK_HEADER = YES;
				CLANG_WARN_RANGE_LOOP_ANALYSIS = YES;
				CLANG_WARN_STRICT_PROTOTYPES = YES;
				CLANG_WARN_SUSPICIOUS_MOVE = YES;
				CLANG_WARN_UNGUARDED_AVAILABILITY = YES_AGGRESSIVE;
				CLANG_WARN_UNREACHABLE_CODE = YES;
				CLANG_WARN__DUPLICATE_METHOD_MATCH = YES;
				COPY_PHASE_STRIP = NO;
				DEBUG_INFORMATION_FORMAT = "dwarf-with-dsym";
				ENABLE_NS_ASSERTIONS = NO;
				ENABLE_STRICT_OBJC_MSGSEND = YES;
				GCC_C_LANGUAGE_STANDARD = gnu11;
				GCC_NO_COMMON_BLOCKS = YES;
				GCC_WARN_64_TO_32_BIT_CONVERSION = YES;
				GCC_WARN_ABOUT_RETURN_TYPE = YES_ERROR;
				GCC_WARN_UNDECLARED_SELECTOR = YES;
				GCC_WARN_UNINITIALIZED_AUTOS = YES_AGGRESSIVE;
				GCC_WARN_UNUSED_FUNCTION = YES;
				GCC_WARN_UNUSED_VARIABLE = YES;
				IPHONEOS_DEPLOYMENT_TARGET = 15.5;
				MTL_ENABLE_DEBUG_INFO = NO;
				MTL_FAST_MATH = YES;
				SDKROOT = iphoneos;
				VALIDATE_PRODUCT = YES;
			};
			name = Release;
		};
		0AEA02EA28D05C950076A1BA /* Debug */ = {
			isa = XCBuildConfiguration;
			buildSettings = {
				ASSETCATALOG_COMPILER_APPICON_NAME = AppIcon;
				ASSETCATALOG_COMPILER_GLOBAL_ACCENT_COLOR_NAME = AccentColor;
				CODE_SIGN_STYLE = Automatic;
				CURRENT_PROJECT_VERSION = 1;
				DEVELOPMENT_TEAM = W6PESGXW9M;
				FRAMEWORK_SEARCH_PATHS = (
					../../../Frameworks,
					"$(PROJECT_DIR)/MRZRecognizer/Products",
					"$(inherited)",
				);
				GCC_PREFIX_HEADER = "$(SRCROOT)/MRZScannerObjC/PCH/Dynamsoft.pch";
				GENERATE_INFOPLIST_FILE = YES;
				INFOPLIST_FILE = MRZScannerObjC/Info.plist;
				INFOPLIST_KEY_NSCameraUsageDescription = "Require authorization To scan.";
				INFOPLIST_KEY_UIApplicationSupportsIndirectInputEvents = YES;
				INFOPLIST_KEY_UILaunchStoryboardName = LaunchScreen;
				INFOPLIST_KEY_UIMainStoryboardFile = Main;
				INFOPLIST_KEY_UISupportedInterfaceOrientations = "UIInterfaceOrientationPortrait UIInterfaceOrientationLandscapeRight";
				INFOPLIST_KEY_UISupportedInterfaceOrientations_iPad = "UIInterfaceOrientationPortrait UIInterfaceOrientationPortraitUpsideDown UIInterfaceOrientationLandscapeLeft UIInterfaceOrientationLandscapeRight";
				INFOPLIST_KEY_UISupportedInterfaceOrientations_iPhone = "UIInterfaceOrientationPortrait UIInterfaceOrientationLandscapeRight";
				IPHONEOS_DEPLOYMENT_TARGET = 11.0;
				LD_RUNPATH_SEARCH_PATHS = (
					"$(inherited)",
					"@executable_path/Frameworks",
				);
				MARKETING_VERSION = 1.0;
				PRODUCT_BUNDLE_IDENTIFIER = com.dynamsoft.MRZScannerObjC;
				PRODUCT_NAME = "$(TARGET_NAME)";
				SWIFT_EMIT_LOC_STRINGS = YES;
				TARGETED_DEVICE_FAMILY = 1;
				VALIDATE_WORKSPACE = NO;
			};
			name = Debug;
		};
		0AEA02EB28D05C950076A1BA /* Release */ = {
			isa = XCBuildConfiguration;
			buildSettings = {
				ASSETCATALOG_COMPILER_APPICON_NAME = AppIcon;
				ASSETCATALOG_COMPILER_GLOBAL_ACCENT_COLOR_NAME = AccentColor;
				CODE_SIGN_STYLE = Automatic;
				CURRENT_PROJECT_VERSION = 1;
				DEVELOPMENT_TEAM = W6PESGXW9M;
				FRAMEWORK_SEARCH_PATHS = (
					../../../Frameworks,
					"$(PROJECT_DIR)/MRZRecognizer/Products",
					"$(inherited)",
				);
				GCC_PREFIX_HEADER = "$(SRCROOT)/MRZScannerObjC/PCH/Dynamsoft.pch";
				GENERATE_INFOPLIST_FILE = YES;
				INFOPLIST_FILE = MRZScannerObjC/Info.plist;
				INFOPLIST_KEY_NSCameraUsageDescription = "Require authorization To scan.";
				INFOPLIST_KEY_UIApplicationSupportsIndirectInputEvents = YES;
				INFOPLIST_KEY_UILaunchStoryboardName = LaunchScreen;
				INFOPLIST_KEY_UIMainStoryboardFile = Main;
				INFOPLIST_KEY_UISupportedInterfaceOrientations = "UIInterfaceOrientationPortrait UIInterfaceOrientationLandscapeRight";
				INFOPLIST_KEY_UISupportedInterfaceOrientations_iPad = "UIInterfaceOrientationPortrait UIInterfaceOrientationPortraitUpsideDown UIInterfaceOrientationLandscapeLeft UIInterfaceOrientationLandscapeRight";
				INFOPLIST_KEY_UISupportedInterfaceOrientations_iPhone = "UIInterfaceOrientationPortrait UIInterfaceOrientationLandscapeRight";
				IPHONEOS_DEPLOYMENT_TARGET = 11.0;
				LD_RUNPATH_SEARCH_PATHS = (
					"$(inherited)",
					"@executable_path/Frameworks",
				);
				MARKETING_VERSION = 1.0;
				PRODUCT_BUNDLE_IDENTIFIER = com.dynamsoft.MRZScannerObjC;
				PRODUCT_NAME = "$(TARGET_NAME)";
				SWIFT_EMIT_LOC_STRINGS = YES;
				TARGETED_DEVICE_FAMILY = 1;
				VALIDATE_WORKSPACE = NO;
			};
			name = Release;
		};
/* End XCBuildConfiguration section */

/* Begin XCConfigurationList section */
		0AEA02CB28D05C930076A1BA /* Build configuration list for PBXProject "MRZScannerObjC" */ = {
			isa = XCConfigurationList;
			buildConfigurations = (
				0AEA02E728D05C950076A1BA /* Debug */,
				0AEA02E828D05C950076A1BA /* Release */,
			);
			defaultConfigurationIsVisible = 0;
			defaultConfigurationName = Release;
		};
		0AEA02E928D05C950076A1BA /* Build configuration list for PBXNativeTarget "MRZScannerObjC" */ = {
			isa = XCConfigurationList;
			buildConfigurations = (
				0AEA02EA28D05C950076A1BA /* Debug */,
				0AEA02EB28D05C950076A1BA /* Release */,
			);
			defaultConfigurationIsVisible = 0;
			defaultConfigurationName = Release;
		};
/* End XCConfigurationList section */
	};
	rootObject = 0AEA02C828D05C930076A1BA /* Project object */;
}
