
Microsoft Visual Studio Solution File, Format Version 12.00
# Visual Studio Version 17
VisualStudioVersion = 17.7.34031.279
MinimumVisualStudioVersion = 10.0.40219.1
Project("{9A19103F-16F7-4668-BE54-9A1E7A4F7556}") = "mrzsdk", "mrzsdk.csproj", "{F490E4D8-DE74-4E68-95A3-93E74CC9E0E3}"
EndProject
Global
	GlobalSection(SolutionConfigurationPlatforms) = preSolution
		Debug|Any CPU = Debug|Any CPU
		Release|Any CPU = Release|Any CPU
	EndGlobalSection
	GlobalSection(ProjectConfigurationPlatforms) = postSolution
		{F490E4D8-DE74-4E68-95A3-93E74CC9E0E3}.Debug|Any CPU.ActiveCfg = Debug|Any CPU
		{F490E4D8-DE74-4E68-95A3-93E74CC9E0E3}.Debug|Any CPU.Build.0 = Debug|Any CPU
		{F490E4D8-DE74-4E68-95A3-93E74CC9E0E3}.Release|Any CPU.ActiveCfg = Release|Any CPU
		{F490E4D8-DE74-4E68-95A3-93E74CC9E0E3}.Release|Any CPU.Build.0 = Release|Any CPU
	EndGlobalSection
	GlobalSection(SolutionProperties) = preSolution
		HideSolutionNode = FALSE
	EndGlobalSection
	GlobalSection(ExtensibilityGlobals) = postSolution
		SolutionGuid = {528C99B8-927B-4F8A-817F-5F77AC50BD53}
	EndGlobalSection
EndGlobal
