
Microsoft Visual Studio Solution File, Format Version 12.00
# Visual Studio Version 17
VisualStudioVersion = 17.5.002.0
MinimumVisualStudioVersion = 10.0.40219.1
Project("{9A19103F-16F7-4668-BE54-9A1E7A4F7556}") = "desktop-gui", "desktop-gui.csproj", "{3BA5C3F9-03BA-49B8-BF92-64A187FC7B40}"
EndProject
Project("{9A19103F-16F7-4668-BE54-9A1E7A4F7556}") = "MrzScannerSDK", "..\..\desktop\MrzScannerSDK.csproj", "{21ED9772-C03E-47CA-8DA1-EACFD43AC894}"
EndProject
Global
	GlobalSection(SolutionConfigurationPlatforms) = preSolution
		Debug|Any CPU = Debug|Any CPU
		Release|Any CPU = Release|Any CPU
	EndGlobalSection
	GlobalSection(ProjectConfigurationPlatforms) = postSolution
		{3BA5C3F9-03BA-49B8-BF92-64A187FC7B40}.Debug|Any CPU.ActiveCfg = Debug|Any CPU
		{3BA5C3F9-03BA-49B8-BF92-64A187FC7B40}.Debug|Any CPU.Build.0 = Debug|Any CPU
		{3BA5C3F9-03BA-49B8-BF92-64A187FC7B40}.Release|Any CPU.ActiveCfg = Release|Any CPU
		{3BA5C3F9-03BA-49B8-BF92-64A187FC7B40}.Release|Any CPU.Build.0 = Release|Any CPU
		{21ED9772-C03E-47CA-8DA1-EACFD43AC894}.Debug|Any CPU.ActiveCfg = Debug|Any CPU
		{21ED9772-C03E-47CA-8DA1-EACFD43AC894}.Debug|Any CPU.Build.0 = Debug|Any CPU
		{21ED9772-C03E-47CA-8DA1-EACFD43AC894}.Release|Any CPU.ActiveCfg = Release|Any CPU
		{21ED9772-C03E-47CA-8DA1-EACFD43AC894}.Release|Any CPU.Build.0 = Release|Any CPU
	EndGlobalSection
	GlobalSection(SolutionProperties) = preSolution
		HideSolutionNode = FALSE
	EndGlobalSection
	GlobalSection(ExtensibilityGlobals) = postSolution
		SolutionGuid = {9D09BEE6-C54A-4934-A73F-2DA5AC9F3A1E}
	EndGlobalSection
EndGlobal
