// !$*UTF8*$!
{
	archiveVersion = 1;
	classes = {
	};
	objectVersion = 50;
	objects = {

/* Begin PBXAggregateTarget section */
		0ABDE59B28DC34DC00F67C11 /* Aggregate */ = {
			isa = PBXAggregateTarget;
			buildConfigurationList = 0ABDE59C28DC34DC00F67C11 /* Build configuration list for PBXAggregateTarget "Aggregate" */;
			buildPhases = (
				0AA035C128DC352300D61698 /* Framework */,
				0AA035C228DC353100D61698 /* xcframework */,
			);
			dependencies = (
			);
			name = Aggregate;
			productName = Aggregate;
		};
/* End PBXAggregateTarget section */

/* Begin PBXBuildFile section */
		0AA035C728DC35BA00D61698 /* MRZConverter.h in Headers */ = {isa = PBXBuildFile; fileRef = 0AA035C328DC35BA00D61698 /* MRZConverter.h */; };
		0AA035C828DC35BA00D61698 /* DynamsoftMRZRecognizer.h in Headers */ = {isa = PBXBuildFile; fileRef = 0AA035C428DC35BA00D61698 /* DynamsoftMRZRecognizer.h */; settings = {ATTRIBUTES = (Public, ); }; };
		0AA035C928DC35BA00D61698 /* DynamsoftMRZRecognizer.m in Sources */ = {isa = PBXBuildFile; fileRef = 0AA035C528DC35BA00D61698 /* DynamsoftMRZRecognizer.m */; };
		0AA035CA28DC35BA00D61698 /* MRZConverter.m in Sources */ = {isa = PBXBuildFile; fileRef = 0AA035C628DC35BA00D61698 /* MRZConverter.m */; };
		0AA035CE28DC35F200D61698 /* DynamsoftCore.framework in Frameworks */ = {isa = PBXBuildFile; fileRef = 0AA035CC28DC35F200D61698 /* DynamsoftCore.framework */; };
		0AA035D028DC35F200D61698 /* DynamsoftLabelRecognizer.framework in Frameworks */ = {isa = PBXBuildFile; fileRef = 0AA035CD28DC35F200D61698 /* DynamsoftLabelRecognizer.framework */; };
		0AA035D428DC368700D61698 /* Resource.bundle in Resources */ = {isa = PBXBuildFile; fileRef = 0AA035D328DC368700D61698 /* Resource.bundle */; };
		0ABDE59528DC33AC00F67C11 /* MRZRecognizer.h in Headers */ = {isa = PBXBuildFile; fileRef = 0ABDE59428DC33AC00F67C11 /* MRZRecognizer.h */; settings = {ATTRIBUTES = (Public, ); }; };
/* End PBXBuildFile section */

/* Begin PBXFileReference section */
		0AA035C328DC35BA00D61698 /* MRZConverter.h */ = {isa = PBXFileReference; fileEncoding = 4; lastKnownFileType = sourcecode.c.h; path = MRZConverter.h; sourceTree = "<group>"; };
		0AA035C428DC35BA00D61698 /* DynamsoftMRZRecognizer.h */ = {isa = PBXFileReference; fileEncoding = 4; lastKnownFileType = sourcecode.c.h; path = DynamsoftMRZRecognizer.h; sourceTree = "<group>"; };
		0AA035C528DC35BA00D61698 /* DynamsoftMRZRecognizer.m */ = {isa = PBXFileReference; fileEncoding = 4; lastKnownFileType = sourcecode.c.objc; path = DynamsoftMRZRecognizer.m; sourceTree = "<group>"; };
		0AA035C628DC35BA00D61698 /* MRZConverter.m */ = {isa = PBXFileReference; fileEncoding = 4; lastKnownFileType = sourcecode.c.objc; path = MRZConverter.m; sourceTree = "<group>"; };
		0AA035CC28DC35F200D61698 /* DynamsoftCore.framework */ = {isa = PBXFileReference; lastKnownFileType = wrapper.framework; name = DynamsoftCore.framework; path = ../../../../Frameworks/DynamsoftCore.framework; sourceTree = "<group>"; };
		0AA035CD28DC35F200D61698 /* DynamsoftLabelRecognizer.framework */ = {isa = PBXFileReference; lastKnownFileType = wrapper.framework; name = DynamsoftLabelRecognizer.framework; path = ../../../../Frameworks/DynamsoftLabelRecognizer.framework; sourceTree = "<group>"; };
		0AA035D328DC368700D61698 /* Resource.bundle */ = {isa = PBXFileReference; lastKnownFileType = "wrapper.plug-in"; path = Resource.bundle; sourceTree = "<group>"; };
		0ABDE59128DC33AC00F67C11 /* MRZRecognizer.framework */ = {isa = PBXFileReference; explicitFileType = wrapper.framework; includeInIndex = 0; path = MRZRecognizer.framework; sourceTree = BUILT_PRODUCTS_DIR; };
		0ABDE59428DC33AC00F67C11 /* MRZRecognizer.h */ = {isa = PBXFileReference; lastKnownFileType = sourcecode.c.h; path = MRZRecognizer.h; sourceTree = "<group>"; };
/* End PBXFileReference section */

/* Begin PBXFrameworksBuildPhase section */
		0ABDE58E28DC33AC00F67C11 /* Frameworks */ = {
			isa = PBXFrameworksBuildPhase;
			buildActionMask = 2147483647;
			files = (
				0AA035CE28DC35F200D61698 /* DynamsoftCore.framework in Frameworks */,
				0AA035D028DC35F200D61698 /* DynamsoftLabelRecognizer.framework in Frameworks */,
			);
			runOnlyForDeploymentPostprocessing = 0;
		};
/* End PBXFrameworksBuildPhase section */

/* Begin PBXGroup section */
		0AA035CB28DC35F100D61698 /* Frameworks */ = {
			isa = PBXGroup;
			children = (
				0AA035CC28DC35F200D61698 /* DynamsoftCore.framework */,
				0AA035CD28DC35F200D61698 /* DynamsoftLabelRecognizer.framework */,
			);
			name = Frameworks;
			sourceTree = "<group>";
		};
		0ABDE58728DC33AC00F67C11 = {
			isa = PBXGroup;
			children = (
				0AA035D328DC368700D61698 /* Resource.bundle */,
				0ABDE59328DC33AC00F67C11 /* MRZRecognizer */,
				0ABDE59228DC33AC00F67C11 /* Products */,
				0AA035CB28DC35F100D61698 /* Frameworks */,
			);
			sourceTree = "<group>";
		};
		0ABDE59228DC33AC00F67C11 /* Products */ = {
			isa = PBXGroup;
			children = (
				0ABDE59128DC33AC00F67C11 /* MRZRecognizer.framework */,
			);
			name = Products;
			sourceTree = "<group>";
		};
		0ABDE59328DC33AC00F67C11 /* MRZRecognizer */ = {
			isa = PBXGroup;
			children = (
				0AA035C428DC35BA00D61698 /* DynamsoftMRZRecognizer.h */,
				0AA035C528DC35BA00D61698 /* DynamsoftMRZRecognizer.m */,
				0AA035C328DC35BA00D61698 /* MRZConverter.h */,
				0AA035C628DC35BA00D61698 /* MRZConverter.m */,
				0ABDE59428DC33AC00F67C11 /* MRZRecognizer.h */,
			);
			path = MRZRecognizer;
			sourceTree = "<group>";
		};
/* End PBXGroup section */

/* Begin PBXHeadersBuildPhase section */
		0ABDE58C28DC33AC00F67C11 /* Headers */ = {
			isa = PBXHeadersBuildPhase;
			buildActionMask = 2147483647;
			files = (
				0ABDE59528DC33AC00F67C11 /* MRZRecognizer.h in Headers */,
				0AA035C828DC35BA00D61698 /* DynamsoftMRZRecognizer.h in Headers */,
				0AA035C728DC35BA00D61698 /* MRZConverter.h in Headers */,
			);
			runOnlyForDeploymentPostprocessing = 0;
		};
/* End PBXHeadersBuildPhase section */

/* Begin PBXNativeTarget section */
		0ABDE59028DC33AC00F67C11 /* MRZRecognizer */ = {
			isa = PBXNativeTarget;
			buildConfigurationList = 0ABDE59828DC33AC00F67C11 /* Build configuration list for PBXNativeTarget "MRZRecognizer" */;
			buildPhases = (
				0ABDE58C28DC33AC00F67C11 /* Headers */,
				0ABDE58D28DC33AC00F67C11 /* Sources */,
				0ABDE58E28DC33AC00F67C11 /* Frameworks */,
				0ABDE58F28DC33AC00F67C11 /* Resources */,
			);
			buildRules = (
			);
			dependencies = (
			);
			name = MRZRecognizer;
			productName = MRZRecognizer;
			productReference = 0ABDE59128DC33AC00F67C11 /* MRZRecognizer.framework */;
			productType = "com.apple.product-type.framework";
		};
/* End PBXNativeTarget section */

/* Begin PBXProject section */
		0ABDE58828DC33AC00F67C11 /* Project object */ = {
			isa = PBXProject;
			attributes = {
				LastUpgradeCheck = 1340;
				TargetAttributes = {
					0ABDE59028DC33AC00F67C11 = {
						CreatedOnToolsVersion = 13.4.1;
					};
					0ABDE59B28DC34DC00F67C11 = {
						CreatedOnToolsVersion = 13.4.1;
					};
				};
			};
			buildConfigurationList = 0ABDE58B28DC33AC00F67C11 /* Build configuration list for PBXProject "MRZRecognizer" */;
			compatibilityVersion = "Xcode 13.0";
			developmentRegion = en;
			hasScannedForEncodings = 0;
			knownRegions = (
				en,
				Base,
			);
			mainGroup = 0ABDE58728DC33AC00F67C11;
			productRefGroup = 0ABDE59228DC33AC00F67C11 /* Products */;
			projectDirPath = "";
			projectRoot = "";
			targets = (
				0ABDE59028DC33AC00F67C11 /* MRZRecognizer */,
				0ABDE59B28DC34DC00F67C11 /* Aggregate */,
			);
		};
/* End PBXProject section */

/* Begin PBXResourcesBuildPhase section */
		0ABDE58F28DC33AC00F67C11 /* Resources */ = {
			isa = PBXResourcesBuildPhase;
			buildActionMask = 2147483647;
			files = (
				0AA035D428DC368700D61698 /* Resource.bundle in Resources */,
			);
			runOnlyForDeploymentPostprocessing = 0;
		};
/* End PBXResourcesBuildPhase section */

/* Begin PBXShellScriptBuildPhase section */
		0AA035C128DC352300D61698 /* Framework */ = {
			isa = PBXShellScriptBuildPhase;
			buildActionMask = 2147483647;
			files = (
			);
			inputFileListPaths = (
			);
			inputPaths = (
			);
			name = Framework;
			outputFileListPaths = (
			);
			outputPaths = (
			);
			runOnlyForDeploymentPostprocessing = 0;
			shellPath = /bin/sh;
			shellScript = "# Sets the target folders and the final framework product.\nFMK_NAME=\"MRZRecognizer\"\n\n# Install dir will be the final output to the framework.\n# The following line create it in the root folder of the current project.\nINSTALL_DIR=${SRCROOT}/Products/${FMK_NAME}.framework\n# Working dir will be deleted after the framework creation.\nWRK_DIR=build\nDEVICE_DIR=${WRK_DIR}/Release-iphoneos/${FMK_NAME}.framework\nSIMULATOR_DIR=${WRK_DIR}/Release-iphonesimulator/${FMK_NAME}.framework\n# -configuration ${CONFIGURATION}\n# Clean and Building both architectures.\nxcodebuild -configuration \"Release\" -target \"${FMK_NAME}\" -sdk iphoneos ONLY_ACTIVE_ARCH=NO -arch armv7 -arch armv7s -arch arm64 clean build\nxcodebuild -configuration \"Release\" -target \"${FMK_NAME}\" -sdk iphonesimulator -arch x86_64 build\n# Cleaning the oldest.\nif [ -d \"${INSTALL_DIR}\" ]\nthen\nrm -rf \"${INSTALL_DIR}\"\nfi\nmkdir -p \"${INSTALL_DIR}\"\ncp -R \"${DEVICE_DIR}/\" \"${INSTALL_DIR}/\"\ncp -R \"${DEVICE_DIR}.dSYM/\" \"${INSTALL_DIR}.dSYM/\"\n\nlipo -create \"${DEVICE_DIR}/${FMK_NAME}\" \"${SIMULATOR_DIR}/${FMK_NAME}\" -output \"${INSTALL_DIR}/${FMK_NAME}\"\n\nlipo -create \"${DEVICE_DIR}.dSYM/Contents/Resources/DWARF/${FMK_NAME}\" \"${SIMULATOR_DIR}.dSYM/Contents/Resources/DWARF/${FMK_NAME}\" -output \"${INSTALL_DIR}.dSYM/Contents/Resources/DWARF/${FMK_NAME}\"\nrm -r \"${WRK_DIR}\"\n# open \"${INSTALL_DIR}\"\n\n\n";
		};
		0AA035C228DC353100D61698 /* xcframework */ = {
			isa = PBXShellScriptBuildPhase;
			buildActionMask = 2147483647;
			files = (
			);
			inputFileListPaths = (
			);
			inputPaths = (
			);
			name = xcframework;
			outputFileListPaths = (
			);
			outputPaths = (
			);
			runOnlyForDeploymentPostprocessing = 0;
			shellPath = /bin/sh;
			shellScript = "# Type a script or drag a script file from your workspace to insert its path.\nSCHEME_NAME=\"MRZRecognizer\"\nFRAMEWORK_NAME=\"MRZRecognizer\"\nSIMULATOR_ARCHIVE_PATH=\"${BUILD_DIR}/${CONFIGURATION}/${FRAMEWORK_NAME}-iphonesimulator.xcarchive\"\nDEVICE_ARCHIVE_PATH=\"${BUILD_DIR}/${CONFIGURATION}/${FRAMEWORK_NAME}-iphoneos.xcarchive\"\nOUTPUT_DIC=\"./xcframework/\"\n# Simulator xcarchieve\nxcodebuild archive \\\n  -scheme ${SCHEME_NAME} \\\n  -archivePath ${SIMULATOR_ARCHIVE_PATH} \\\n  -sdk iphonesimulator \\\n  SKIP_INSTALL=NO\n# Device xcarchieve\nxcodebuild archive \\\n  -scheme ${SCHEME_NAME} \\\n  -archivePath ${DEVICE_ARCHIVE_PATH} \\\n  -sdk iphoneos \\\n  SKIP_INSTALL=NO\n# Clean up old output directory\nrm -rf \"${OUTPUT_DIC}\"\n# Create xcframwork combine of all frameworks\nxcodebuild -create-xcframework \\\n  -framework ${SIMULATOR_ARCHIVE_PATH}/Products/Library/Frameworks/${FRAMEWORK_NAME}.framework \\\n  -framework ${DEVICE_ARCHIVE_PATH}/Products/Library/Frameworks/${FRAMEWORK_NAME}.framework \\\n  -output ${OUTPUT_DIC}/${FRAMEWORK_NAME}.xcframework\n\n\n";
		};
/* End PBXShellScriptBuildPhase section */

/* Begin PBXSourcesBuildPhase section */
		0ABDE58D28DC33AC00F67C11 /* Sources */ = {
			isa = PBXSourcesBuildPhase;
			buildActionMask = 2147483647;
			files = (
				0AA035CA28DC35BA00D61698 /* MRZConverter.m in Sources */,
				0AA035C928DC35BA00D61698 /* DynamsoftMRZRecognizer.m in Sources */,
			);
			runOnlyForDeploymentPostprocessing = 0;
		};
/* End PBXSourcesBuildPhase section */

/* Begin XCBuildConfiguration section */
		0ABDE59628DC33AC00F67C11 /* Debug */ = {
			isa = XCBuildConfiguration;
			buildSettings = {
				ALWAYS_SEARCH_USER_PATHS = NO;
				CLANG_ANALYZER_NONNULL = YES;
				CLANG_ANALYZER_NUMBER_OBJECT_CONVERSION = YES_AGGRESSIVE;
				CLANG_CXX_LANGUAGE_STANDARD = "gnu++17";
				CLANG_ENABLE_MODULES = YES;
				CLANG_ENABLE_OBJC_ARC = YES;
				CLANG_ENABLE_OBJC_WEAK = YES;
				CLANG_WARN_BLOCK_CAPTURE_AUTORELEASING = YES;
				CLANG_WARN_BOOL_CONVERSION = YES;
				CLANG_WARN_COMMA = YES;
				CLANG_WARN_CONSTANT_CONVERSION = YES;
				CLANG_WARN_DEPRECATED_OBJC_IMPLEMENTATIONS = YES;
				CLANG_WARN_DIRECT_OBJC_ISA_USAGE = YES_ERROR;
				CLANG_WARN_DOCUMENTATION_COMMENTS = YES;
				CLANG_WARN_EMPTY_BODY = YES;
				CLANG_WARN_ENUM_CONVERSION = YES;
				CLANG_WARN_INFINITE_RECURSION = YES;
				CLANG_WARN_INT_CONVERSION = YES;
				CLANG_WARN_NON_LITERAL_NULL_CONVERSION = YES;
				CLANG_WARN_OBJC_IMPLICIT_RETAIN_SELF = YES;
				CLANG_WARN_OBJC_LITERAL_CONVERSION = YES;
				CLANG_WARN_OBJC_ROOT_CLASS = YES_ERROR;
				CLANG_WARN_QUOTED_INCLUDE_IN_FRAMEWORK_HEADER = YES;
				CLANG_WARN_RANGE_LOOP_ANALYSIS = YES;
				CLANG_WARN_STRICT_PROTOTYPES = YES;
				CLANG_WARN_SUSPICIOUS_MOVE = YES;
				CLANG_WARN_UNGUARDED_AVAILABILITY = YES_AGGRESSIVE;
				CLANG_WARN_UNREACHABLE_CODE = YES;
				CLANG_WARN__DUPLICATE_METHOD_MATCH = YES;
				COPY_PHASE_STRIP = NO;
				CURRENT_PROJECT_VERSION = 1;
				DEBUG_INFORMATION_FORMAT = dwarf;
				ENABLE_STRICT_OBJC_MSGSEND = YES;
				ENABLE_TESTABILITY = YES;
				GCC_C_LANGUAGE_STANDARD = gnu11;
				GCC_DYNAMIC_NO_PIC = NO;
				GCC_NO_COMMON_BLOCKS = YES;
				GCC_OPTIMIZATION_LEVEL = 0;
				GCC_PREPROCESSOR_DEFINITIONS = (
					"DEBUG=1",
					"$(inherited)",
				);
				GCC_WARN_64_TO_32_BIT_CONVERSION = YES;
				GCC_WARN_ABOUT_RETURN_TYPE = YES_ERROR;
				GCC_WARN_UNDECLARED_SELECTOR = YES;
				GCC_WARN_UNINITIALIZED_AUTOS = YES_AGGRESSIVE;
				GCC_WARN_UNUSED_FUNCTION = YES;
				GCC_WARN_UNUSED_VARIABLE = YES;
				IPHONEOS_DEPLOYMENT_TARGET = 15.5;
				MTL_ENABLE_DEBUG_INFO = INCLUDE_SOURCE;
				MTL_FAST_MATH = YES;
				ONLY_ACTIVE_ARCH = YES;
				SDKROOT = iphoneos;
				VERSIONING_SYSTEM = "apple-generic";
				VERSION_INFO_PREFIX = "";
			};
			name = Debug;
		};
		0ABDE59728DC33AC00F67C11 /* Release */ = {
			isa = XCBuildConfiguration;
			buildSettings = {
				ALWAYS_SEARCH_USER_PATHS = NO;
				CLANG_ANALYZER_NONNULL = YES;
				CLANG_ANALYZER_NUMBER_OBJECT_CONVERSION = YES_AGGRESSIVE;
				CLANG_CXX_LANGUAGE_STANDARD = "gnu++17";
				CLANG_ENABLE_MODULES = YES;
				CLANG_ENABLE_OBJC_ARC = YES;
				CLANG_ENABLE_OBJC_WEAK = YES;
				CLANG_WARN_BLOCK_CAPTURE_AUTORELEASING = YES;
				CLANG_WARN_BOOL_CONVERSION = YES;
				CLANG_WARN_COMMA = YES;
				CLANG_WARN_CONSTANT_CONVERSION = YES;
				CLANG_WARN_DEPRECATED_OBJC_IMPLEMENTATIONS = YES;
				CLANG_WARN_DIRECT_OBJC_ISA_USAGE = YES_ERROR;
				CLANG_WARN_DOCUMENTATION_COMMENTS = YES;
				CLANG_WARN_EMPTY_BODY = YES;
				CLANG_WARN_ENUM_CONVERSION = YES;
				CLANG_WARN_INFINITE_RECURSION = YES;
				CLANG_WARN_INT_CONVERSION = YES;
				CLANG_WARN_NON_LITERAL_NULL_CONVERSION = YES;
				CLANG_WARN_OBJC_IMPLICIT_RETAIN_SELF = YES;
				CLANG_WARN_OBJC_LITERAL_CONVERSION = YES;
				CLANG_WARN_OBJC_ROOT_CLASS = YES_ERROR;
				CLANG_WARN_QUOTED_INCLUDE_IN_FRAMEWORK_HEADER = YES;
				CLANG_WARN_RANGE_LOOP_ANALYSIS = YES;
				CLANG_WARN_STRICT_PROTOTYPES = YES;
				CLANG_WARN_SUSPICIOUS_MOVE = YES;
				CLANG_WARN_UNGUARDED_AVAILABILITY = YES_AGGRESSIVE;
				CLANG_WARN_UNREACHABLE_CODE = YES;
				CLANG_WARN__DUPLICATE_METHOD_MATCH = YES;
				COPY_PHASE_STRIP = NO;
				CURRENT_PROJECT_VERSION = 1;
				DEBUG_INFORMATION_FORMAT = "dwarf-with-dsym";
				ENABLE_NS_ASSERTIONS = NO;
				ENABLE_STRICT_OBJC_MSGSEND = YES;
				GCC_C_LANGUAGE_STANDARD = gnu11;
				GCC_NO_COMMON_BLOCKS = YES;
				GCC_WARN_64_TO_32_BIT_CONVERSION = YES;
				GCC_WARN_ABOUT_RETURN_TYPE = YES_ERROR;
				GCC_WARN_UNDECLARED_SELECTOR = YES;
				GCC_WARN_UNINITIALIZED_AUTOS = YES_AGGRESSIVE;
				GCC_WARN_UNUSED_FUNCTION = YES;
				GCC_WARN_UNUSED_VARIABLE = YES;
				IPHONEOS_DEPLOYMENT_TARGET = 15.5;
				MTL_ENABLE_DEBUG_INFO = NO;
				MTL_FAST_MATH = YES;
				SDKROOT = iphoneos;
				VALIDATE_PRODUCT = YES;
				VERSIONING_SYSTEM = "apple-generic";
				VERSION_INFO_PREFIX = "";
			};
			name = Release;
		};
		0ABDE59928DC33AC00F67C11 /* Debug */ = {
			isa = XCBuildConfiguration;
			buildSettings = {
				CODE_SIGN_STYLE = Automatic;
				CURRENT_PROJECT_VERSION = 1;
				DEFINES_MODULE = YES;
				DEPLOYMENT_POSTPROCESSING = YES;
				DEVELOPMENT_TEAM = W6PESGXW9M;
				DYLIB_COMPATIBILITY_VERSION = 1;
				DYLIB_CURRENT_VERSION = 1;
				DYLIB_INSTALL_NAME_BASE = "@rpath";
				FRAMEWORK_SEARCH_PATHS = (
					../../../../Frameworks,
					"$(inherited)",
					../Pods/DynamsoftLabelRecognizer,
					../Pods/DynamsoftCore,
					../../../Swift/MRZScannerSwift/Pods/DynamsoftCore,
					../../../Swift/MRZScannerSwift/Pods/DynamsoftLabelRecognizer,
				);
				GENERATE_INFOPLIST_FILE = YES;
				INFOPLIST_KEY_NSHumanReadableCopyright = "";
				INSTALL_PATH = "$(LOCAL_LIBRARY_DIR)/Frameworks";
				IPHONEOS_DEPLOYMENT_TARGET = 11.0;
				LD_RUNPATH_SEARCH_PATHS = (
					"$(inherited)",
					"@executable_path/Frameworks",
					"@loader_path/Frameworks",
				);
				MACH_O_TYPE = mh_dylib;
				MARKETING_VERSION = 1.0;
				OTHER_CFLAGS = "-fembed-bitcode";
				PRODUCT_BUNDLE_IDENTIFIER = com.dynamsoft.MRZRecognizer;
				PRODUCT_NAME = "$(TARGET_NAME:c99extidentifier)";
				SKIP_INSTALL = YES;
				STRIP_STYLE = "non-global";
				SUPPORTS_MACCATALYST = NO;
				SWIFT_EMIT_LOC_STRINGS = YES;
				TARGETED_DEVICE_FAMILY = 1;
				VALIDATE_WORKSPACE = NO;
				VALID_ARCHS = "arm64 x86_64";
			};
			name = Debug;
		};
		0ABDE59A28DC33AC00F67C11 /* Release */ = {
			isa = XCBuildConfiguration;
			buildSettings = {
				CODE_SIGN_STYLE = Automatic;
				CURRENT_PROJECT_VERSION = 1;
				DEFINES_MODULE = YES;
				DEPLOYMENT_POSTPROCESSING = YES;
				DEVELOPMENT_TEAM = W6PESGXW9M;
				DYLIB_COMPATIBILITY_VERSION = 1;
				DYLIB_CURRENT_VERSION = 1;
				DYLIB_INSTALL_NAME_BASE = "@rpath";
				"EXCLUDED_ARCHS[sdk=iphonesimulator*]" = arm64;
				FRAMEWORK_SEARCH_PATHS = (
					../../../../Frameworks,
					"$(inherited)",
					../Pods/DynamsoftLabelRecognizer,
					../Pods/DynamsoftCore,
					../../../Swift/MRZScannerSwift/Pods/DynamsoftCore,
					../../../Swift/MRZScannerSwift/Pods/DynamsoftLabelRecognizer,
				);
				GENERATE_INFOPLIST_FILE = YES;
				INFOPLIST_KEY_NSHumanReadableCopyright = "";
				INSTALL_PATH = "$(LOCAL_LIBRARY_DIR)/Frameworks";
				IPHONEOS_DEPLOYMENT_TARGET = 11.0;
				LD_RUNPATH_SEARCH_PATHS = (
					"$(inherited)",
					"@executable_path/Frameworks",
					"@loader_path/Frameworks",
				);
				MACH_O_TYPE = mh_dylib;
				MARKETING_VERSION = 1.0;
				OTHER_CFLAGS = "-fembed-bitcode";
				PRODUCT_BUNDLE_IDENTIFIER = com.dynamsoft.MRZRecognizer;
				PRODUCT_NAME = "$(TARGET_NAME:c99extidentifier)";
				SKIP_INSTALL = YES;
				STRIP_STYLE = "non-global";
				SUPPORTS_MACCATALYST = NO;
				SWIFT_EMIT_LOC_STRINGS = YES;
				TARGETED_DEVICE_FAMILY = 1;
				VALIDATE_WORKSPACE = NO;
				VALID_ARCHS = "arm64 x86_64";
			};
			name = Release;
		};
		0ABDE59D28DC34DC00F67C11 /* Debug */ = {
			isa = XCBuildConfiguration;
			buildSettings = {
				CODE_SIGN_STYLE = Automatic;
				DEVELOPMENT_TEAM = W6PESGXW9M;
				PRODUCT_NAME = "$(TARGET_NAME)";
			};
			name = Debug;
		};
		0ABDE59E28DC34DC00F67C11 /* Release */ = {
			isa = XCBuildConfiguration;
			buildSettings = {
				CODE_SIGN_STYLE = Automatic;
				DEVELOPMENT_TEAM = W6PESGXW9M;
				PRODUCT_NAME = "$(TARGET_NAME)";
			};
			name = Release;
		};
/* End XCBuildConfiguration section */

/* Begin XCConfigurationList section */
		0ABDE58B28DC33AC00F67C11 /* Build configuration list for PBXProject "MRZRecognizer" */ = {
			isa = XCConfigurationList;
			buildConfigurations = (
				0ABDE59628DC33AC00F67C11 /* Debug */,
				0ABDE59728DC33AC00F67C11 /* Release */,
			);
			defaultConfigurationIsVisible = 0;
			defaultConfigurationName = Release;
		};
		0ABDE59828DC33AC00F67C11 /* Build configuration list for PBXNativeTarget "MRZRecognizer" */ = {
			isa = XCConfigurationList;
			buildConfigurations = (
				0ABDE59928DC33AC00F67C11 /* Debug */,
				0ABDE59A28DC33AC00F67C11 /* Release */,
			);
			defaultConfigurationIsVisible = 0;
			defaultConfigurationName = Release;
		};
		0ABDE59C28DC34DC00F67C11 /* Build configuration list for PBXAggregateTarget "Aggregate" */ = {
			isa = XCConfigurationList;
			buildConfigurations = (
				0ABDE59D28DC34DC00F67C11 /* Debug */,
				0ABDE59E28DC34DC00F67C11 /* Release */,
			);
			defaultConfigurationIsVisible = 0;
			defaultConfigurationName = Release;
		};
/* End XCConfigurationList section */
	};
	rootObject = 0ABDE58828DC33AC00F67C11 /* Project object */;
}
